
Microsoft Visual Studio Solution File, Format Version 12.00
# Visual Studio Version 17
VisualStudioVersion = 17.10.34928.147
MinimumVisualStudioVersion = 10.0.40219.1
Project("{2150E333-8FDC-42A3-9474-1A3956D46DE8}") = "Services", "Services", "{7451A524-6BFE-4F7C-AA7A-AC22451768EC}"
EndProject
Project("{2150E333-8FDC-42A3-9474-1A3956D46DE8}") = "Catalog", "Catalog", "{ACE20020-A5A2-48E5-AB0A-0A43BD7CB42F}"
EndProject
Project("{9A19103F-16F7-4668-BE54-9A1E7A4F7556}") = "Catalog.API", "Services\Catalog\Catalog.API\Catalog.API.csproj", "{3094C46E-FC78-41BD-82F6-E9B394AA3755}"
EndProject
Project("{2150E333-8FDC-42A3-9474-1A3956D46DE8}") = "BuildingBlocks", "BuildingBlocks", "{E4694744-D0E3-4F6C-9F91-441082EAB28D}"
EndProject
Project("{9A19103F-16F7-4668-BE54-9A1E7A4F7556}") = "BuildingBlocks", "BuildingBlocks\BuildingBlocks\BuildingBlocks.csproj", "{1CE6BCA1-5012-44D7-A7ED-4B271BBA8B5F}"
EndProject
Project("{E53339B2-1760-4266-BCC7-CA923CBCF16C}") = "docker-compose", "docker-compose.dcproj", "{9DF1966F-F559-42AD-B04F-B19FD4F96BDA}"
EndProject
Project("{2150E333-8FDC-42A3-9474-1A3956D46DE8}") = "Basket", "Basket", "{12AAAE80-6216-4379-BFF0-6B5F1F083167}"
EndProject
Project("{9A19103F-16F7-4668-BE54-9A1E7A4F7556}") = "Basket.API", "Services\Basket\Basket.API\Basket.API.csproj", "{E7D0BAEA-FF8E-454B-8422-9679B1B2BB93}"
EndProject
Project("{2150E333-8FDC-42A3-9474-1A3956D46DE8}") = "Discount", "Discount", "{974327D0-A2A5-42C8-9B0F-C2F9E9E197C6}"
EndProject
Project("{9A19103F-16F7-4668-BE54-9A1E7A4F7556}") = "Discount.Grpc", "Services\Discount\Discount.Grpc\Discount.Grpc.csproj", "{CFCA9BF9-0AA5-4FAF-A0A3-A170BDD88504}"
EndProject
Project("{2150E333-8FDC-42A3-9474-1A3956D46DE8}") = "Ordering", "Ordering", "{B51E931D-8F68-4114-BAC2-2CC9541F87DF}"
EndProject
Project("{FAE04EC0-301F-11D3-BF4B-00C04F79EFBC}") = "Ordering.API", "Services\Ordering\Ordering.API\Ordering.API.csproj", "{8D8773F8-066B-4A1F-9E81-F1F7034D6855}"
EndProject
Project("{FAE04EC0-301F-11D3-BF4B-00C04F79EFBC}") = "Ordering.Domain", "Services\Ordering\Ordering.Domain\Ordering.Domain.csproj", "{E4F3FE83-EECD-424A-BE44-9FB0A02CA9EE}"
EndProject
Project("{FAE04EC0-301F-11D3-BF4B-00C04F79EFBC}") = "Ordering.Application", "Services\Ordering\Ordering.Application\Ordering.Application.csproj", "{32F7781B-2FFC-46B5-BDEA-544F76D7CFF5}"
EndProject
Project("{FAE04EC0-301F-11D3-BF4B-00C04F79EFBC}") = "Ordering.Infrastructure", "Services\Ordering\Ordering.Infrastructure\Ordering.Infrastructure.csproj", "{1DDDCE7E-22D5-4320-83F1-7C3ED971BE89}"
EndProject
Global
	GlobalSection(SolutionConfigurationPlatforms) = preSolution
		Debug|Any CPU = Debug|Any CPU
		Release|Any CPU = Release|Any CPU
	EndGlobalSection
	GlobalSection(ProjectConfigurationPlatforms) = postSolution
		{3094C46E-FC78-41BD-82F6-E9B394AA3755}.Debug|Any CPU.ActiveCfg = Debug|Any CPU
		{3094C46E-FC78-41BD-82F6-E9B394AA3755}.Debug|Any CPU.Build.0 = Debug|Any CPU
		{3094C46E-FC78-41BD-82F6-E9B394AA3755}.Release|Any CPU.ActiveCfg = Release|Any CPU
		{3094C46E-FC78-41BD-82F6-E9B394AA3755}.Release|Any CPU.Build.0 = Release|Any CPU
		{1CE6BCA1-5012-44D7-A7ED-4B271BBA8B5F}.Debug|Any CPU.ActiveCfg = Debug|Any CPU
		{1CE6BCA1-5012-44D7-A7ED-4B271BBA8B5F}.Debug|Any CPU.Build.0 = Debug|Any CPU
		{1CE6BCA1-5012-44D7-A7ED-4B271BBA8B5F}.Release|Any CPU.ActiveCfg = Release|Any CPU
		{1CE6BCA1-5012-44D7-A7ED-4B271BBA8B5F}.Release|Any CPU.Build.0 = Release|Any CPU
		{9DF1966F-F559-42AD-B04F-B19FD4F96BDA}.Debug|Any CPU.ActiveCfg = Debug|Any CPU
		{9DF1966F-F559-42AD-B04F-B19FD4F96BDA}.Debug|Any CPU.Build.0 = Debug|Any CPU
		{9DF1966F-F559-42AD-B04F-B19FD4F96BDA}.Release|Any CPU.ActiveCfg = Release|Any CPU
		{9DF1966F-F559-42AD-B04F-B19FD4F96BDA}.Release|Any CPU.Build.0 = Release|Any CPU
		{E7D0BAEA-FF8E-454B-8422-9679B1B2BB93}.Debug|Any CPU.ActiveCfg = Debug|Any CPU
		{E7D0BAEA-FF8E-454B-8422-9679B1B2BB93}.Debug|Any CPU.Build.0 = Debug|Any CPU
		{E7D0BAEA-FF8E-454B-8422-9679B1B2BB93}.Release|Any CPU.ActiveCfg = Release|Any CPU
		{E7D0BAEA-FF8E-454B-8422-9679B1B2BB93}.Release|Any CPU.Build.0 = Release|Any CPU
		{CFCA9BF9-0AA5-4FAF-A0A3-A170BDD88504}.Debug|Any CPU.ActiveCfg = Debug|Any CPU
		{CFCA9BF9-0AA5-4FAF-A0A3-A170BDD88504}.Debug|Any CPU.Build.0 = Debug|Any CPU
		{CFCA9BF9-0AA5-4FAF-A0A3-A170BDD88504}.Release|Any CPU.ActiveCfg = Release|Any CPU
		{CFCA9BF9-0AA5-4FAF-A0A3-A170BDD88504}.Release|Any CPU.Build.0 = Release|Any CPU
		{8D8773F8-066B-4A1F-9E81-F1F7034D6855}.Debug|Any CPU.ActiveCfg = Debug|Any CPU
		{8D8773F8-066B-4A1F-9E81-F1F7034D6855}.Debug|Any CPU.Build.0 = Debug|Any CPU
		{8D8773F8-066B-4A1F-9E81-F1F7034D6855}.Release|Any CPU.ActiveCfg = Release|Any CPU
		{8D8773F8-066B-4A1F-9E81-F1F7034D6855}.Release|Any CPU.Build.0 = Release|Any CPU
		{E4F3FE83-EECD-424A-BE44-9FB0A02CA9EE}.Debug|Any CPU.ActiveCfg = Debug|Any CPU
		{E4F3FE83-EECD-424A-BE44-9FB0A02CA9EE}.Debug|Any CPU.Build.0 = Debug|Any CPU
		{E4F3FE83-EECD-424A-BE44-9FB0A02CA9EE}.Release|Any CPU.ActiveCfg = Release|Any CPU
		{E4F3FE83-EECD-424A-BE44-9FB0A02CA9EE}.Release|Any CPU.Build.0 = Release|Any CPU
		{32F7781B-2FFC-46B5-BDEA-544F76D7CFF5}.Debug|Any CPU.ActiveCfg = Debug|Any CPU
		{32F7781B-2FFC-46B5-BDEA-544F76D7CFF5}.Debug|Any CPU.Build.0 = Debug|Any CPU
		{32F7781B-2FFC-46B5-BDEA-544F76D7CFF5}.Release|Any CPU.ActiveCfg = Release|Any CPU
		{32F7781B-2FFC-46B5-BDEA-544F76D7CFF5}.Release|Any CPU.Build.0 = Release|Any CPU
		{1DDDCE7E-22D5-4320-83F1-7C3ED971BE89}.Debug|Any CPU.ActiveCfg = Debug|Any CPU
		{1DDDCE7E-22D5-4320-83F1-7C3ED971BE89}.Debug|Any CPU.Build.0 = Debug|Any CPU
		{1DDDCE7E-22D5-4320-83F1-7C3ED971BE89}.Release|Any CPU.ActiveCfg = Release|Any CPU
		{1DDDCE7E-22D5-4320-83F1-7C3ED971BE89}.Release|Any CPU.Build.0 = Release|Any CPU
	EndGlobalSection
	GlobalSection(SolutionProperties) = preSolution
		HideSolutionNode = FALSE
	EndGlobalSection
	GlobalSection(NestedProjects) = preSolution
		{ACE20020-A5A2-48E5-AB0A-0A43BD7CB42F} = {7451A524-6BFE-4F7C-AA7A-AC22451768EC}
		{3094C46E-FC78-41BD-82F6-E9B394AA3755} = {ACE20020-A5A2-48E5-AB0A-0A43BD7CB42F}
		{1CE6BCA1-5012-44D7-A7ED-4B271BBA8B5F} = {E4694744-D0E3-4F6C-9F91-441082EAB28D}
		{12AAAE80-6216-4379-BFF0-6B5F1F083167} = {7451A524-6BFE-4F7C-AA7A-AC22451768EC}
		{E7D0BAEA-FF8E-454B-8422-9679B1B2BB93} = {12AAAE80-6216-4379-BFF0-6B5F1F083167}
		{974327D0-A2A5-42C8-9B0F-C2F9E9E197C6} = {7451A524-6BFE-4F7C-AA7A-AC22451768EC}
		{CFCA9BF9-0AA5-4FAF-A0A3-A170BDD88504} = {974327D0-A2A5-42C8-9B0F-C2F9E9E197C6}
		{B51E931D-8F68-4114-BAC2-2CC9541F87DF} = {7451A524-6BFE-4F7C-AA7A-AC22451768EC}
		{8D8773F8-066B-4A1F-9E81-F1F7034D6855} = {B51E931D-8F68-4114-BAC2-2CC9541F87DF}
		{E4F3FE83-EECD-424A-BE44-9FB0A02CA9EE} = {B51E931D-8F68-4114-BAC2-2CC9541F87DF}
		{32F7781B-2FFC-46B5-BDEA-544F76D7CFF5} = {B51E931D-8F68-4114-BAC2-2CC9541F87DF}
		{1DDDCE7E-22D5-4320-83F1-7C3ED971BE89} = {B51E931D-8F68-4114-BAC2-2CC9541F87DF}
	EndGlobalSection
	GlobalSection(ExtensibilityGlobals) = postSolution
		SolutionGuid = {F279B236-7190-49B4-A671-C62216935C14}
	EndGlobalSection
EndGlobal
